
Microsoft Visual Studio Solution File, Format Version 11.00
# Visual Studio 2010
Project("{FAE04EC0-301F-11D3-BF4B-00C04F79EFBC}") = "NotInKansasAnymore", "Assembly-CSharp.csproj", "{48F00EAB-1667-25D9-CB8E-F2F994EA404A}"
EndProject
Project("{FAE04EC0-301F-11D3-BF4B-00C04F79EFBC}") = "NotInKansasAnymore", "Assembly-CSharp-Editor.csproj", "{1C7DD988-35C4-C559-D1C8-365AEF15CC0A}"
EndProject
Global
	GlobalSection(SolutionConfigurationPlatforms) = preSolution
		Debug|Any CPU = Debug|Any CPU
		Release|Any CPU = Release|Any CPU
	EndGlobalSection
	GlobalSection(ProjectConfigurationPlatforms) = postSolution
		{48F00EAB-1667-25D9-CB8E-F2F994EA404A}.Debug|Any CPU.ActiveCfg = Debug|Any CPU
		{48F00EAB-1667-25D9-CB8E-F2F994EA404A}.Debug|Any CPU.Build.0 = Debug|Any CPU
		{48F00EAB-1667-25D9-CB8E-F2F994EA404A}.Release|Any CPU.ActiveCfg = Release|Any CPU
		{48F00EAB-1667-25D9-CB8E-F2F994EA404A}.Release|Any CPU.Build.0 = Release|Any CPU
		{1C7DD988-35C4-C559-D1C8-365AEF15CC0A}.Debug|Any CPU.ActiveCfg = Debug|Any CPU
		{1C7DD988-35C4-C559-D1C8-365AEF15CC0A}.Debug|Any CPU.Build.0 = Debug|Any CPU
		{1C7DD988-35C4-C559-D1C8-365AEF15CC0A}.Release|Any CPU.ActiveCfg = Release|Any CPU
		{1C7DD988-35C4-C559-D1C8-365AEF15CC0A}.Release|Any CPU.Build.0 = Release|Any CPU
	EndGlobalSection
	GlobalSection(SolutionProperties) = preSolution
		HideSolutionNode = FALSE
	EndGlobalSection
	GlobalSection(MonoDevelopProperties) = preSolution
		StartupItem = Assembly-CSharp.csproj
	EndGlobalSection
EndGlobal
